// !$*UTF8*$!
{
	archiveVersion = 1;
	classes = {
	};
	objectVersion = 56;
	objects = {

/* Begin PBXBuildFile section */
		8C1824112B5C3E7F0085B1E9 /* XCTestCase+MemoryLeakTracking.swift in Sources */ = {isa = PBXBuildFile; fileRef = 8CC5F0DD2B56FA5D00276A0A /* XCTestCase+MemoryLeakTracking.swift */; };
		8C27833B2B5B10DB00A8E585 /* EssentialFeedPracticeAppAPIEndToEndTests.swift in Sources */ = {isa = PBXBuildFile; fileRef = 8C27833A2B5B10DB00A8E585 /* EssentialFeedPracticeAppAPIEndToEndTests.swift */; };
		8C27833C2B5B10DB00A8E585 /* EssentialFeedPracticeApp.framework in Frameworks */ = {isa = PBXBuildFile; fileRef = 8C56502F2B30DB0500760951 /* EssentialFeedPracticeApp.framework */; };
		8C5650382B30DB0500760951 /* EssentialFeedPracticeApp.framework in Frameworks */ = {isa = PBXBuildFile; fileRef = 8C56502F2B30DB0500760951 /* EssentialFeedPracticeApp.framework */; };
		8C56503D2B30DB0500760951 /* LoadFeedFromRemoteUseCaseTests.swift in Sources */ = {isa = PBXBuildFile; fileRef = 8C56503C2B30DB0500760951 /* LoadFeedFromRemoteUseCaseTests.swift */; };
		8C56503E2B30DB0500760951 /* EssentialFeedPracticeApp.h in Headers */ = {isa = PBXBuildFile; fileRef = 8C5650322B30DB0500760951 /* EssentialFeedPracticeApp.h */; settings = {ATTRIBUTES = (Public, ); }; };
		8C5650482B30E68800760951 /* FeedItem.swift in Sources */ = {isa = PBXBuildFile; fileRef = 8C5650472B30E68800760951 /* FeedItem.swift */; };
		8C56504A2B30E77C00760951 /* FeedLoader.swift in Sources */ = {isa = PBXBuildFile; fileRef = 8C5650492B30E77C00760951 /* FeedLoader.swift */; };
		8C56504D2B311B5300760951 /* RemoteFeedLoader.swift in Sources */ = {isa = PBXBuildFile; fileRef = 8C56504C2B311B5300760951 /* RemoteFeedLoader.swift */; };
		8C5650502B406EEB00760951 /* HTTPClient.swift in Sources */ = {isa = PBXBuildFile; fileRef = 8C56504F2B406EEB00760951 /* HTTPClient.swift */; };
		8C5650522B44D17A00760951 /* FeedItemsMapper.swift in Sources */ = {isa = PBXBuildFile; fileRef = 8C5650512B44D17A00760951 /* FeedItemsMapper.swift */; };
		8C5650552B489D8100760951 /* URLSessionHTTPClientTests.swift in Sources */ = {isa = PBXBuildFile; fileRef = 8C5650542B489D8100760951 /* URLSessionHTTPClientTests.swift */; };
		8CC5F0DF2B56FA9500276A0A /* XCTestCase+MemoryLeakTracking.swift in Sources */ = {isa = PBXBuildFile; fileRef = 8CC5F0DD2B56FA5D00276A0A /* XCTestCase+MemoryLeakTracking.swift */; };
		8CC5F0E22B59DA5500276A0A /* URLSessionHTTPClient.swift in Sources */ = {isa = PBXBuildFile; fileRef = 8CC5F0E12B59DA5500276A0A /* URLSessionHTTPClient.swift */; };
		8CFC25FD2B7D663A00C558BF /* README.md in Resources */ = {isa = PBXBuildFile; fileRef = 8CFC25FC2B7D663A00C558BF /* README.md */; };
		8CFC25FF2B7D762600C558BF /* CacheFeedUseCaseTests.swift in Sources */ = {isa = PBXBuildFile; fileRef = 8CFC25FE2B7D762600C558BF /* CacheFeedUseCaseTests.swift */; };
/* End PBXBuildFile section */

/* Begin PBXContainerItemProxy section */
		8C27833D2B5B10DB00A8E585 /* PBXContainerItemProxy */ = {
			isa = PBXContainerItemProxy;
			containerPortal = 8C5650262B30DB0500760951 /* Project object */;
			proxyType = 1;
			remoteGlobalIDString = 8C56502E2B30DB0500760951;
			remoteInfo = EssentialFeedPracticeApp;
		};
		8C5650392B30DB0500760951 /* PBXContainerItemProxy */ = {
			isa = PBXContainerItemProxy;
			containerPortal = 8C5650262B30DB0500760951 /* Project object */;
			proxyType = 1;
			remoteGlobalIDString = 8C56502E2B30DB0500760951;
			remoteInfo = EssentialFeedPracticeApp;
		};
/* End PBXContainerItemProxy section */

/* Begin PBXFileReference section */
		8C2783382B5B10DB00A8E585 /* EssentialFeedPracticeAppAPIEndToEndTests.xctest */ = {isa = PBXFileReference; explicitFileType = wrapper.cfbundle; includeInIndex = 0; path = EssentialFeedPracticeAppAPIEndToEndTests.xctest; sourceTree = BUILT_PRODUCTS_DIR; };
		8C27833A2B5B10DB00A8E585 /* EssentialFeedPracticeAppAPIEndToEndTests.swift */ = {isa = PBXFileReference; lastKnownFileType = sourcecode.swift; path = EssentialFeedPracticeAppAPIEndToEndTests.swift; sourceTree = "<group>"; };
		8C56502F2B30DB0500760951 /* EssentialFeedPracticeApp.framework */ = {isa = PBXFileReference; explicitFileType = wrapper.framework; includeInIndex = 0; path = EssentialFeedPracticeApp.framework; sourceTree = BUILT_PRODUCTS_DIR; };
		8C5650322B30DB0500760951 /* EssentialFeedPracticeApp.h */ = {isa = PBXFileReference; lastKnownFileType = sourcecode.c.h; path = EssentialFeedPracticeApp.h; sourceTree = "<group>"; };
		8C5650372B30DB0500760951 /* EssentialFeedPracticeAppTests.xctest */ = {isa = PBXFileReference; explicitFileType = wrapper.cfbundle; includeInIndex = 0; path = EssentialFeedPracticeAppTests.xctest; sourceTree = BUILT_PRODUCTS_DIR; };
		8C56503C2B30DB0500760951 /* LoadFeedFromRemoteUseCaseTests.swift */ = {isa = PBXFileReference; lastKnownFileType = sourcecode.swift; path = LoadFeedFromRemoteUseCaseTests.swift; sourceTree = "<group>"; };
		8C5650472B30E68800760951 /* FeedItem.swift */ = {isa = PBXFileReference; lastKnownFileType = sourcecode.swift; path = FeedItem.swift; sourceTree = "<group>"; };
		8C5650492B30E77C00760951 /* FeedLoader.swift */ = {isa = PBXFileReference; lastKnownFileType = sourcecode.swift; path = FeedLoader.swift; sourceTree = "<group>"; };
		8C56504C2B311B5300760951 /* RemoteFeedLoader.swift */ = {isa = PBXFileReference; lastKnownFileType = sourcecode.swift; path = RemoteFeedLoader.swift; sourceTree = "<group>"; };
		8C56504F2B406EEB00760951 /* HTTPClient.swift */ = {isa = PBXFileReference; lastKnownFileType = sourcecode.swift; path = HTTPClient.swift; sourceTree = "<group>"; };
		8C5650512B44D17A00760951 /* FeedItemsMapper.swift */ = {isa = PBXFileReference; lastKnownFileType = sourcecode.swift; path = FeedItemsMapper.swift; sourceTree = "<group>"; };
		8C5650542B489D8100760951 /* URLSessionHTTPClientTests.swift */ = {isa = PBXFileReference; lastKnownFileType = sourcecode.swift; path = URLSessionHTTPClientTests.swift; sourceTree = "<group>"; };
		8CAF3C762B646C0E00687CBC /* EssentialFeedPracticeAppAPIEndToEndTests.xctestplan */ = {isa = PBXFileReference; lastKnownFileType = text; path = EssentialFeedPracticeAppAPIEndToEndTests.xctestplan; sourceTree = SOURCE_ROOT; };
		8CAF3C772B646CC000687CBC /* EssentialFeedPracticeAppFeedAPITests.xctestplan */ = {isa = PBXFileReference; lastKnownFileType = text; path = EssentialFeedPracticeAppFeedAPITests.xctestplan; sourceTree = SOURCE_ROOT; };
		8CAF3C782B646D2800687CBC /* CI.xctestplan */ = {isa = PBXFileReference; lastKnownFileType = text; path = CI.xctestplan; sourceTree = "<group>"; };
		8CC5F0DD2B56FA5D00276A0A /* XCTestCase+MemoryLeakTracking.swift */ = {isa = PBXFileReference; lastKnownFileType = sourcecode.swift; path = "XCTestCase+MemoryLeakTracking.swift"; sourceTree = "<group>"; };
		8CC5F0E12B59DA5500276A0A /* URLSessionHTTPClient.swift */ = {isa = PBXFileReference; lastKnownFileType = sourcecode.swift; path = URLSessionHTTPClient.swift; sourceTree = "<group>"; };
		8CFC25FC2B7D663A00C558BF /* README.md */ = {isa = PBXFileReference; fileEncoding = 4; lastKnownFileType = net.daringfireball.markdown; name = README.md; path = ../README.md; sourceTree = "<group>"; };
		8CFC25FE2B7D762600C558BF /* CacheFeedUseCaseTests.swift */ = {isa = PBXFileReference; lastKnownFileType = sourcecode.swift; path = CacheFeedUseCaseTests.swift; sourceTree = "<group>"; };
/* End PBXFileReference section */

/* Begin PBXFrameworksBuildPhase section */
		8C2783352B5B10DB00A8E585 /* Frameworks */ = {
			isa = PBXFrameworksBuildPhase;
			buildActionMask = 2147483647;
			files = (
				8C27833C2B5B10DB00A8E585 /* EssentialFeedPracticeApp.framework in Frameworks */,
			);
			runOnlyForDeploymentPostprocessing = 0;
		};
		8C56502C2B30DB0500760951 /* Frameworks */ = {
			isa = PBXFrameworksBuildPhase;
			buildActionMask = 2147483647;
			files = (
			);
			runOnlyForDeploymentPostprocessing = 0;
		};
		8C5650342B30DB0500760951 /* Frameworks */ = {
			isa = PBXFrameworksBuildPhase;
			buildActionMask = 2147483647;
			files = (
				8C5650382B30DB0500760951 /* EssentialFeedPracticeApp.framework in Frameworks */,
			);
			runOnlyForDeploymentPostprocessing = 0;
		};
/* End PBXFrameworksBuildPhase section */

/* Begin PBXGroup section */
		8C2783392B5B10DB00A8E585 /* EssentialFeedPracticeAppAPIEndToEndTests */ = {
			isa = PBXGroup;
			children = (
				8CAF3C762B646C0E00687CBC /* EssentialFeedPracticeAppAPIEndToEndTests.xctestplan */,
				8C27833A2B5B10DB00A8E585 /* EssentialFeedPracticeAppAPIEndToEndTests.swift */,
			);
			path = EssentialFeedPracticeAppAPIEndToEndTests;
			sourceTree = "<group>";
		};
		8C5650252B30DB0500760951 = {
			isa = PBXGroup;
			children = (
				8CFC25FC2B7D663A00C558BF /* README.md */,
				8C5650312B30DB0500760951 /* EssentialFeedPracticeApp */,
				8C56503B2B30DB0500760951 /* EssentialFeedPracticeAppTests */,
				8C5650302B30DB0500760951 /* Products */,
			);
			sourceTree = "<group>";
		};
		8C5650302B30DB0500760951 /* Products */ = {
			isa = PBXGroup;
			children = (
				8C56502F2B30DB0500760951 /* EssentialFeedPracticeApp.framework */,
				8C5650372B30DB0500760951 /* EssentialFeedPracticeAppTests.xctest */,
				8C2783382B5B10DB00A8E585 /* EssentialFeedPracticeAppAPIEndToEndTests.xctest */,
			);
			name = Products;
			sourceTree = "<group>";
		};
		8C5650312B30DB0500760951 /* EssentialFeedPracticeApp */ = {
			isa = PBXGroup;
			children = (
				8C5650322B30DB0500760951 /* EssentialFeedPracticeApp.h */,
				8C56504B2B30E7FA00760951 /* Feed Feature */,
				8C56504E2B34D36300760951 /* Feed API */,
			);
			path = EssentialFeedPracticeApp;
			sourceTree = "<group>";
		};
		8C56503B2B30DB0500760951 /* EssentialFeedPracticeAppTests */ = {
			isa = PBXGroup;
			children = (
				8CAF3C782B646D2800687CBC /* CI.xctestplan */,
				8CC5F0E02B56FACF00276A0A /* Helpers */,
				8CFC26002B7D762A00C558BF /* Feed Cache */,
				8C5650532B47264800760951 /* Feed API */,
				8C2783392B5B10DB00A8E585 /* EssentialFeedPracticeAppAPIEndToEndTests */,
			);
			path = EssentialFeedPracticeAppTests;
			sourceTree = "<group>";
		};
		8C56504B2B30E7FA00760951 /* Feed Feature */ = {
			isa = PBXGroup;
			children = (
				8C5650472B30E68800760951 /* FeedItem.swift */,
				8C5650492B30E77C00760951 /* FeedLoader.swift */,
			);
			path = "Feed Feature";
			sourceTree = "<group>";
		};
		8C56504E2B34D36300760951 /* Feed API */ = {
			isa = PBXGroup;
			children = (
				8C56504C2B311B5300760951 /* RemoteFeedLoader.swift */,
				8C56504F2B406EEB00760951 /* HTTPClient.swift */,
				8C5650512B44D17A00760951 /* FeedItemsMapper.swift */,
				8CC5F0E12B59DA5500276A0A /* URLSessionHTTPClient.swift */,
			);
			path = "Feed API";
			sourceTree = "<group>";
		};
		8C5650532B47264800760951 /* Feed API */ = {
			isa = PBXGroup;
			children = (
				8CAF3C772B646CC000687CBC /* EssentialFeedPracticeAppFeedAPITests.xctestplan */,
				8C56503C2B30DB0500760951 /* LoadFeedFromRemoteUseCaseTests.swift */,
				8C5650542B489D8100760951 /* URLSessionHTTPClientTests.swift */,
			);
			path = "Feed API";
			sourceTree = "<group>";
		};
		8CC5F0E02B56FACF00276A0A /* Helpers */ = {
			isa = PBXGroup;
			children = (
				8CC5F0DD2B56FA5D00276A0A /* XCTestCase+MemoryLeakTracking.swift */,
			);
			path = Helpers;
			sourceTree = "<group>";
		};
		8CFC26002B7D762A00C558BF /* Feed Cache */ = {
			isa = PBXGroup;
			children = (
				8CFC25FE2B7D762600C558BF /* CacheFeedUseCaseTests.swift */,
			);
			path = "Feed Cache";
			sourceTree = "<group>";
		};
/* End PBXGroup section */

/* Begin PBXHeadersBuildPhase section */
		8C56502A2B30DB0500760951 /* Headers */ = {
			isa = PBXHeadersBuildPhase;
			buildActionMask = 2147483647;
			files = (
				8C56503E2B30DB0500760951 /* EssentialFeedPracticeApp.h in Headers */,
			);
			runOnlyForDeploymentPostprocessing = 0;
		};
/* End PBXHeadersBuildPhase section */

/* Begin PBXNativeTarget section */
		8C2783372B5B10DB00A8E585 /* EssentialFeedPracticeAppAPIEndToEndTests */ = {
			isa = PBXNativeTarget;
			buildConfigurationList = 8C27833F2B5B10DB00A8E585 /* Build configuration list for PBXNativeTarget "EssentialFeedPracticeAppAPIEndToEndTests" */;
			buildPhases = (
				8C2783342B5B10DB00A8E585 /* Sources */,
				8C2783352B5B10DB00A8E585 /* Frameworks */,
				8C2783362B5B10DB00A8E585 /* Resources */,
			);
			buildRules = (
			);
			dependencies = (
				8C27833E2B5B10DB00A8E585 /* PBXTargetDependency */,
			);
			name = EssentialFeedPracticeAppAPIEndToEndTests;
			productName = EssentialFeedPracticeAppAPIEndToEndTests;
			productReference = 8C2783382B5B10DB00A8E585 /* EssentialFeedPracticeAppAPIEndToEndTests.xctest */;
			productType = "com.apple.product-type.bundle.unit-test";
		};
		8C56502E2B30DB0500760951 /* EssentialFeedPracticeApp */ = {
			isa = PBXNativeTarget;
			buildConfigurationList = 8C5650412B30DB0500760951 /* Build configuration list for PBXNativeTarget "EssentialFeedPracticeApp" */;
			buildPhases = (
				8C56502A2B30DB0500760951 /* Headers */,
				8C56502B2B30DB0500760951 /* Sources */,
				8C56502C2B30DB0500760951 /* Frameworks */,
				8C56502D2B30DB0500760951 /* Resources */,
			);
			buildRules = (
			);
			dependencies = (
			);
			name = EssentialFeedPracticeApp;
			productName = EssentialFeedPracticeApp;
			productReference = 8C56502F2B30DB0500760951 /* EssentialFeedPracticeApp.framework */;
			productType = "com.apple.product-type.framework";
		};
		8C5650362B30DB0500760951 /* EssentialFeedPracticeAppTests */ = {
			isa = PBXNativeTarget;
			buildConfigurationList = 8C5650442B30DB0500760951 /* Build configuration list for PBXNativeTarget "EssentialFeedPracticeAppTests" */;
			buildPhases = (
				8C5650332B30DB0500760951 /* Sources */,
				8C5650342B30DB0500760951 /* Frameworks */,
				8C5650352B30DB0500760951 /* Resources */,
			);
			buildRules = (
			);
			dependencies = (
				8C56503A2B30DB0500760951 /* PBXTargetDependency */,
			);
			name = EssentialFeedPracticeAppTests;
			productName = EssentialFeedPracticeAppTests;
			productReference = 8C5650372B30DB0500760951 /* EssentialFeedPracticeAppTests.xctest */;
			productType = "com.apple.product-type.bundle.unit-test";
		};
/* End PBXNativeTarget section */

/* Begin PBXProject section */
		8C5650262B30DB0500760951 /* Project object */ = {
			isa = PBXProject;
			attributes = {
				BuildIndependentTargetsInParallel = 1;
				LastSwiftUpdateCheck = 1510;
				LastUpgradeCheck = 1500;
				TargetAttributes = {
					8C2783372B5B10DB00A8E585 = {
						CreatedOnToolsVersion = 15.1;
					};
					8C56502E2B30DB0500760951 = {
						CreatedOnToolsVersion = 15.0.1;
						LastSwiftMigration = 1500;
					};
					8C5650362B30DB0500760951 = {
						CreatedOnToolsVersion = 15.0.1;
					};
				};
			};
			buildConfigurationList = 8C5650292B30DB0500760951 /* Build configuration list for PBXProject "EssentialFeedPracticeApp" */;
			compatibilityVersion = "Xcode 14.0";
			developmentRegion = en;
			hasScannedForEncodings = 0;
			knownRegions = (
				en,
				Base,
			);
			mainGroup = 8C5650252B30DB0500760951;
			productRefGroup = 8C5650302B30DB0500760951 /* Products */;
			projectDirPath = "";
			projectRoot = "";
			targets = (
				8C56502E2B30DB0500760951 /* EssentialFeedPracticeApp */,
				8C5650362B30DB0500760951 /* EssentialFeedPracticeAppTests */,
				8C2783372B5B10DB00A8E585 /* EssentialFeedPracticeAppAPIEndToEndTests */,
			);
		};
/* End PBXProject section */

/* Begin PBXResourcesBuildPhase section */
		8C2783362B5B10DB00A8E585 /* Resources */ = {
			isa = PBXResourcesBuildPhase;
			buildActionMask = 2147483647;
			files = (
			);
			runOnlyForDeploymentPostprocessing = 0;
		};
		8C56502D2B30DB0500760951 /* Resources */ = {
			isa = PBXResourcesBuildPhase;
			buildActionMask = 2147483647;
			files = (
				8CFC25FD2B7D663A00C558BF /* README.md in Resources */,
			);
			runOnlyForDeploymentPostprocessing = 0;
		};
		8C5650352B30DB0500760951 /* Resources */ = {
			isa = PBXResourcesBuildPhase;
			buildActionMask = 2147483647;
			files = (
			);
			runOnlyForDeploymentPostprocessing = 0;
		};
/* End PBXResourcesBuildPhase section */

/* Begin PBXSourcesBuildPhase section */
		8C2783342B5B10DB00A8E585 /* Sources */ = {
			isa = PBXSourcesBuildPhase;
			buildActionMask = 2147483647;
			files = (
				8C27833B2B5B10DB00A8E585 /* EssentialFeedPracticeAppAPIEndToEndTests.swift in Sources */,
				8C1824112B5C3E7F0085B1E9 /* XCTestCase+MemoryLeakTracking.swift in Sources */,
			);
			runOnlyForDeploymentPostprocessing = 0;
		};
		8C56502B2B30DB0500760951 /* Sources */ = {
			isa = PBXSourcesBuildPhase;
			buildActionMask = 2147483647;
			files = (
				8C5650522B44D17A00760951 /* FeedItemsMapper.swift in Sources */,
				8C56504A2B30E77C00760951 /* FeedLoader.swift in Sources */,
				8C56504D2B311B5300760951 /* RemoteFeedLoader.swift in Sources */,
				8C5650502B406EEB00760951 /* HTTPClient.swift in Sources */,
				8C5650482B30E68800760951 /* FeedItem.swift in Sources */,
				8CC5F0E22B59DA5500276A0A /* URLSessionHTTPClient.swift in Sources */,
			);
			runOnlyForDeploymentPostprocessing = 0;
		};
		8C5650332B30DB0500760951 /* Sources */ = {
			isa = PBXSourcesBuildPhase;
			buildActionMask = 2147483647;
			files = (
				8C56503D2B30DB0500760951 /* LoadFeedFromRemoteUseCaseTests.swift in Sources */,
				8CC5F0DF2B56FA9500276A0A /* XCTestCase+MemoryLeakTracking.swift in Sources */,
				8CFC25FF2B7D762600C558BF /* CacheFeedUseCaseTests.swift in Sources */,
				8C5650552B489D8100760951 /* URLSessionHTTPClientTests.swift in Sources */,
			);
			runOnlyForDeploymentPostprocessing = 0;
		};
/* End PBXSourcesBuildPhase section */

/* Begin PBXTargetDependency section */
		8C27833E2B5B10DB00A8E585 /* PBXTargetDependency */ = {
			isa = PBXTargetDependency;
			target = 8C56502E2B30DB0500760951 /* EssentialFeedPracticeApp */;
			targetProxy = 8C27833D2B5B10DB00A8E585 /* PBXContainerItemProxy */;
		};
		8C56503A2B30DB0500760951 /* PBXTargetDependency */ = {
			isa = PBXTargetDependency;
			target = 8C56502E2B30DB0500760951 /* EssentialFeedPracticeApp */;
			targetProxy = 8C5650392B30DB0500760951 /* PBXContainerItemProxy */;
		};
/* End PBXTargetDependency section */

/* Begin XCBuildConfiguration section */
		8C2783402B5B10DB00A8E585 /* Debug */ = {
			isa = XCBuildConfiguration;
			buildSettings = {
				CODE_SIGN_STYLE = Automatic;
				CURRENT_PROJECT_VERSION = 1;
				DEVELOPMENT_TEAM = 8F48NKUJX6;
				GENERATE_INFOPLIST_FILE = YES;
				MARKETING_VERSION = 1.0;
				PRODUCT_BUNDLE_IDENTIFIER = com.ericmentele.EssentialFeedPracticeAppAPIEndToEndTests;
				PRODUCT_NAME = "$(TARGET_NAME)";
				SWIFT_EMIT_LOC_STRINGS = NO;
				SWIFT_VERSION = 5.0;
			};
			name = Debug;
		};
		8C2783412B5B10DB00A8E585 /* Release */ = {
			isa = XCBuildConfiguration;
			buildSettings = {
				CODE_SIGN_STYLE = Automatic;
				CURRENT_PROJECT_VERSION = 1;
				DEVELOPMENT_TEAM = 8F48NKUJX6;
				GENERATE_INFOPLIST_FILE = YES;
				MARKETING_VERSION = 1.0;
				PRODUCT_BUNDLE_IDENTIFIER = com.ericmentele.EssentialFeedPracticeAppAPIEndToEndTests;
				PRODUCT_NAME = "$(TARGET_NAME)";
				SWIFT_EMIT_LOC_STRINGS = NO;
				SWIFT_VERSION = 5.0;
			};
			name = Release;
		};
		8C56503F2B30DB0500760951 /* Debug */ = {
			isa = XCBuildConfiguration;
			buildSettings = {
				ALWAYS_SEARCH_USER_PATHS = NO;
				ASSETCATALOG_COMPILER_GENERATE_SWIFT_ASSET_SYMBOL_EXTENSIONS = YES;
				CLANG_ANALYZER_NONNULL = YES;
				CLANG_ANALYZER_NUMBER_OBJECT_CONVERSION = YES_AGGRESSIVE;
				CLANG_CXX_LANGUAGE_STANDARD = "gnu++20";
				CLANG_ENABLE_MODULES = YES;
				CLANG_ENABLE_OBJC_ARC = YES;
				CLANG_ENABLE_OBJC_WEAK = YES;
				CLANG_WARN_BLOCK_CAPTURE_AUTORELEASING = YES;
				CLANG_WARN_BOOL_CONVERSION = YES;
				CLANG_WARN_COMMA = YES;
				CLANG_WARN_CONSTANT_CONVERSION = YES;
				CLANG_WARN_DEPRECATED_OBJC_IMPLEMENTATIONS = YES;
				CLANG_WARN_DIRECT_OBJC_ISA_USAGE = YES_ERROR;
				CLANG_WARN_DOCUMENTATION_COMMENTS = YES;
				CLANG_WARN_EMPTY_BODY = YES;
				CLANG_WARN_ENUM_CONVERSION = YES;
				CLANG_WARN_INFINITE_RECURSION = YES;
				CLANG_WARN_INT_CONVERSION = YES;
				CLANG_WARN_NON_LITERAL_NULL_CONVERSION = YES;
				CLANG_WARN_OBJC_IMPLICIT_RETAIN_SELF = YES;
				CLANG_WARN_OBJC_LITERAL_CONVERSION = YES;
				CLANG_WARN_OBJC_ROOT_CLASS = YES_ERROR;
				CLANG_WARN_QUOTED_INCLUDE_IN_FRAMEWORK_HEADER = YES;
				CLANG_WARN_RANGE_LOOP_ANALYSIS = YES;
				CLANG_WARN_STRICT_PROTOTYPES = YES;
				CLANG_WARN_SUSPICIOUS_MOVE = YES;
				CLANG_WARN_UNGUARDED_AVAILABILITY = YES_AGGRESSIVE;
				CLANG_WARN_UNREACHABLE_CODE = YES;
				CLANG_WARN__DUPLICATE_METHOD_MATCH = YES;
				COPY_PHASE_STRIP = NO;
				CURRENT_PROJECT_VERSION = 1;
				DEBUG_INFORMATION_FORMAT = dwarf;
				ENABLE_STRICT_OBJC_MSGSEND = YES;
				ENABLE_TESTABILITY = YES;
				ENABLE_USER_SCRIPT_SANDBOXING = YES;
				GCC_C_LANGUAGE_STANDARD = gnu17;
				GCC_DYNAMIC_NO_PIC = NO;
				GCC_NO_COMMON_BLOCKS = YES;
				GCC_OPTIMIZATION_LEVEL = 0;
				GCC_PREPROCESSOR_DEFINITIONS = (
					"DEBUG=1",
					"$(inherited)",
				);
				GCC_WARN_64_TO_32_BIT_CONVERSION = YES;
				GCC_WARN_ABOUT_RETURN_TYPE = YES_ERROR;
				GCC_WARN_UNDECLARED_SELECTOR = YES;
				GCC_WARN_UNINITIALIZED_AUTOS = YES_AGGRESSIVE;
				GCC_WARN_UNUSED_FUNCTION = YES;
				GCC_WARN_UNUSED_VARIABLE = YES;
				LOCALIZATION_PREFERS_STRING_CATALOGS = YES;
				MACOSX_DEPLOYMENT_TARGET = 14.0;
				MTL_ENABLE_DEBUG_INFO = INCLUDE_SOURCE;
				MTL_FAST_MATH = YES;
				ONLY_ACTIVE_ARCH = YES;
				SDKROOT = macosx;
				SWIFT_ACTIVE_COMPILATION_CONDITIONS = "DEBUG $(inherited)";
				SWIFT_OPTIMIZATION_LEVEL = "-Onone";
				VERSIONING_SYSTEM = "apple-generic";
				VERSION_INFO_PREFIX = "";
			};
			name = Debug;
		};
		8C5650402B30DB0500760951 /* Release */ = {
			isa = XCBuildConfiguration;
			buildSettings = {
				ALWAYS_SEARCH_USER_PATHS = NO;
				ASSETCATALOG_COMPILER_GENERATE_SWIFT_ASSET_SYMBOL_EXTENSIONS = YES;
				CLANG_ANALYZER_NONNULL = YES;
				CLANG_ANALYZER_NUMBER_OBJECT_CONVERSION = YES_AGGRESSIVE;
				CLANG_CXX_LANGUAGE_STANDARD = "gnu++20";
				CLANG_ENABLE_MODULES = YES;
				CLANG_ENABLE_OBJC_ARC = YES;
				CLANG_ENABLE_OBJC_WEAK = YES;
				CLANG_WARN_BLOCK_CAPTURE_AUTORELEASING = YES;
				CLANG_WARN_BOOL_CONVERSION = YES;
				CLANG_WARN_COMMA = YES;
				CLANG_WARN_CONSTANT_CONVERSION = YES;
				CLANG_WARN_DEPRECATED_OBJC_IMPLEMENTATIONS = YES;
				CLANG_WARN_DIRECT_OBJC_ISA_USAGE = YES_ERROR;
				CLANG_WARN_DOCUMENTATION_COMMENTS = YES;
				CLANG_WARN_EMPTY_BODY = YES;
				CLANG_WARN_ENUM_CONVERSION = YES;
				CLANG_WARN_INFINITE_RECURSION = YES;
				CLANG_WARN_INT_CONVERSION = YES;
				CLANG_WARN_NON_LITERAL_NULL_CONVERSION = YES;
				CLANG_WARN_OBJC_IMPLICIT_RETAIN_SELF = YES;
				CLANG_WARN_OBJC_LITERAL_CONVERSION = YES;
				CLANG_WARN_OBJC_ROOT_CLASS = YES_ERROR;
				CLANG_WARN_QUOTED_INCLUDE_IN_FRAMEWORK_HEADER = YES;
				CLANG_WARN_RANGE_LOOP_ANALYSIS = YES;
				CLANG_WARN_STRICT_PROTOTYPES = YES;
				CLANG_WARN_SUSPICIOUS_MOVE = YES;
				CLANG_WARN_UNGUARDED_AVAILABILITY = YES_AGGRESSIVE;
				CLANG_WARN_UNREACHABLE_CODE = YES;
				CLANG_WARN__DUPLICATE_METHOD_MATCH = YES;
				COPY_PHASE_STRIP = NO;
				CURRENT_PROJECT_VERSION = 1;
				DEBUG_INFORMATION_FORMAT = "dwarf-with-dsym";
				ENABLE_NS_ASSERTIONS = NO;
				ENABLE_STRICT_OBJC_MSGSEND = YES;
				ENABLE_USER_SCRIPT_SANDBOXING = YES;
				GCC_C_LANGUAGE_STANDARD = gnu17;
				GCC_NO_COMMON_BLOCKS = YES;
				GCC_WARN_64_TO_32_BIT_CONVERSION = YES;
				GCC_WARN_ABOUT_RETURN_TYPE = YES_ERROR;
				GCC_WARN_UNDECLARED_SELECTOR = YES;
				GCC_WARN_UNINITIALIZED_AUTOS = YES_AGGRESSIVE;
				GCC_WARN_UNUSED_FUNCTION = YES;
				GCC_WARN_UNUSED_VARIABLE = YES;
				LOCALIZATION_PREFERS_STRING_CATALOGS = YES;
				MACOSX_DEPLOYMENT_TARGET = 14.0;
				MTL_ENABLE_DEBUG_INFO = NO;
				MTL_FAST_MATH = YES;
				SDKROOT = macosx;
				SWIFT_COMPILATION_MODE = wholemodule;
				VERSIONING_SYSTEM = "apple-generic";
				VERSION_INFO_PREFIX = "";
			};
			name = Release;
		};
		8C5650422B30DB0500760951 /* Debug */ = {
			isa = XCBuildConfiguration;
			buildSettings = {
				CLANG_ENABLE_MODULES = YES;
				CODE_SIGN_IDENTITY = "Apple Development";
				CODE_SIGN_STYLE = Automatic;
				COMBINE_HIDPI_IMAGES = YES;
				CURRENT_PROJECT_VERSION = 1;
				DEFINES_MODULE = YES;
				DEVELOPMENT_TEAM = 8F48NKUJX6;
				DYLIB_COMPATIBILITY_VERSION = 1;
				DYLIB_CURRENT_VERSION = 1;
				DYLIB_INSTALL_NAME_BASE = "@rpath";
				ENABLE_MODULE_VERIFIER = YES;
				GENERATE_INFOPLIST_FILE = YES;
				INFOPLIST_KEY_NSHumanReadableCopyright = "";
				INSTALL_PATH = "$(LOCAL_LIBRARY_DIR)/Frameworks";
				LD_RUNPATH_SEARCH_PATHS = (
					"$(inherited)",
					"@executable_path/../Frameworks",
					"@loader_path/Frameworks",
				);
				MARKETING_VERSION = 1.0;
				MODULE_VERIFIER_SUPPORTED_LANGUAGES = "objective-c objective-c++";
				MODULE_VERIFIER_SUPPORTED_LANGUAGE_STANDARDS = "gnu17 gnu++20";
				PRODUCT_BUNDLE_IDENTIFIER = com.ericmentele.EssentialFeedPracticeApp;
				PRODUCT_NAME = "$(TARGET_NAME:c99extidentifier)";
				SKIP_INSTALL = YES;
				SWIFT_EMIT_LOC_STRINGS = YES;
				SWIFT_OPTIMIZATION_LEVEL = "-Onone";
				SWIFT_VERSION = 5.0;
			};
			name = Debug;
		};
		8C5650432B30DB0500760951 /* Release */ = {
			isa = XCBuildConfiguration;
			buildSettings = {
				CLANG_ENABLE_MODULES = YES;
				CODE_SIGN_IDENTITY = "Apple Development";
				CODE_SIGN_STYLE = Automatic;
				COMBINE_HIDPI_IMAGES = YES;
				CURRENT_PROJECT_VERSION = 1;
				DEFINES_MODULE = YES;
				DEVELOPMENT_TEAM = 8F48NKUJX6;
				DYLIB_COMPATIBILITY_VERSION = 1;
				DYLIB_CURRENT_VERSION = 1;
				DYLIB_INSTALL_NAME_BASE = "@rpath";
				ENABLE_MODULE_VERIFIER = YES;
				GENERATE_INFOPLIST_FILE = YES;
				INFOPLIST_KEY_NSHumanReadableCopyright = "";
				INSTALL_PATH = "$(LOCAL_LIBRARY_DIR)/Frameworks";
				LD_RUNPATH_SEARCH_PATHS = (
					"$(inherited)",
					"@executable_path/../Frameworks",
					"@loader_path/Frameworks",
				);
				MARKETING_VERSION = 1.0;
				MODULE_VERIFIER_SUPPORTED_LANGUAGES = "objective-c objective-c++";
				MODULE_VERIFIER_SUPPORTED_LANGUAGE_STANDARDS = "gnu17 gnu++20";
				PRODUCT_BUNDLE_IDENTIFIER = com.ericmentele.EssentialFeedPracticeApp;
				PRODUCT_NAME = "$(TARGET_NAME:c99extidentifier)";
				SKIP_INSTALL = YES;
				SWIFT_EMIT_LOC_STRINGS = YES;
				SWIFT_VERSION = 5.0;
			};
			name = Release;
		};
		8C5650452B30DB0500760951 /* Debug */ = {
			isa = XCBuildConfiguration;
			buildSettings = {
				ALWAYS_EMBED_SWIFT_STANDARD_LIBRARIES = YES;
				CODE_SIGN_STYLE = Automatic;
				CURRENT_PROJECT_VERSION = 1;
				DEVELOPMENT_TEAM = 8F48NKUJX6;
				GENERATE_INFOPLIST_FILE = YES;
				MARKETING_VERSION = 1.0;
				PRODUCT_BUNDLE_IDENTIFIER = com.ericmentele.EssentialFeedPracticeAppTests;
				PRODUCT_NAME = "$(TARGET_NAME)";
				SWIFT_EMIT_LOC_STRINGS = NO;
				SWIFT_VERSION = 5.0;
			};
			name = Debug;
		};
		8C5650462B30DB0500760951 /* Release */ = {
			isa = XCBuildConfiguration;
			buildSettings = {
				ALWAYS_EMBED_SWIFT_STANDARD_LIBRARIES = YES;
				CODE_SIGN_STYLE = Automatic;
				CURRENT_PROJECT_VERSION = 1;
				DEVELOPMENT_TEAM = 8F48NKUJX6;
				GENERATE_INFOPLIST_FILE = YES;
				MARKETING_VERSION = 1.0;
				PRODUCT_BUNDLE_IDENTIFIER = com.ericmentele.EssentialFeedPracticeAppTests;
				PRODUCT_NAME = "$(TARGET_NAME)";
				SWIFT_EMIT_LOC_STRINGS = NO;
				SWIFT_VERSION = 5.0;
			};
			name = Release;
		};
/* End XCBuildConfiguration section */

/* Begin XCConfigurationList section */
		8C27833F2B5B10DB00A8E585 /* Build configuration list for PBXNativeTarget "EssentialFeedPracticeAppAPIEndToEndTests" */ = {
			isa = XCConfigurationList;
			buildConfigurations = (
				8C2783402B5B10DB00A8E585 /* Debug */,
				8C2783412B5B10DB00A8E585 /* Release */,
			);
			defaultConfigurationIsVisible = 0;
			defaultConfigurationName = Release;
		};
		8C5650292B30DB0500760951 /* Build configuration list for PBXProject "EssentialFeedPracticeApp" */ = {
			isa = XCConfigurationList;
			buildConfigurations = (
				8C56503F2B30DB0500760951 /* Debug */,
				8C5650402B30DB0500760951 /* Release */,
			);
			defaultConfigurationIsVisible = 0;
			defaultConfigurationName = Release;
		};
		8C5650412B30DB0500760951 /* Build configuration list for PBXNativeTarget "EssentialFeedPracticeApp" */ = {
			isa = XCConfigurationList;
			buildConfigurations = (
				8C5650422B30DB0500760951 /* Debug */,
				8C5650432B30DB0500760951 /* Release */,
			);
			defaultConfigurationIsVisible = 0;
			defaultConfigurationName = Release;
		};
		8C5650442B30DB0500760951 /* Build configuration list for PBXNativeTarget "EssentialFeedPracticeAppTests" */ = {
			isa = XCConfigurationList;
			buildConfigurations = (
				8C5650452B30DB0500760951 /* Debug */,
				8C5650462B30DB0500760951 /* Release */,
			);
			defaultConfigurationIsVisible = 0;
			defaultConfigurationName = Release;
		};
/* End XCConfigurationList section */
	};
	rootObject = 8C5650262B30DB0500760951 /* Project object */;
}
